
Microsoft Visual Studio Solution File, Format Version 12.00
# Visual Studio Version 17
VisualStudioVersion = 17.8.34309.116
MinimumVisualStudioVersion = 10.0.40219.1
Project("{9A19103F-16F7-4668-BE54-9A1E7A4F7556}") = "GraphExec.NBit", "GraphExec.NBit\GraphExec.NBit.csproj", "{6ED8B919-3099-41E1-8F10-CC9D7E07B60B}"
EndProject
Project("{FAE04EC0-301F-11D3-BF4B-00C04F79EFBC}") = "GraphExec.NBit.Tests", "GraphExec.NBit.Tests\GraphExec.NBit.Tests.csproj", "{C859622F-F138-430E-8CEA-D252541DDCB3}"
EndProject
Global
	GlobalSection(SolutionConfigurationPlatforms) = preSolution
		Debug|Any CPU = Debug|Any CPU
		Release|Any CPU = Release|Any CPU
	EndGlobalSection
	GlobalSection(ProjectConfigurationPlatforms) = postSolution
		{6ED8B919-3099-41E1-8F10-CC9D7E07B60B}.Debug|Any CPU.ActiveCfg = Debug|Any CPU
		{6ED8B919-3099-41E1-8F10-CC9D7E07B60B}.Debug|Any CPU.Build.0 = Debug|Any CPU
		{6ED8B919-3099-41E1-8F10-CC9D7E07B60B}.Release|Any CPU.ActiveCfg = Release|Any CPU
		{6ED8B919-3099-41E1-8F10-CC9D7E07B60B}.Release|Any CPU.Build.0 = Release|Any CPU
		{C859622F-F138-430E-8CEA-D252541DDCB3}.Debug|Any CPU.ActiveCfg = Debug|Any CPU
		{C859622F-F138-430E-8CEA-D252541DDCB3}.Debug|Any CPU.Build.0 = Debug|Any CPU
		{C859622F-F138-430E-8CEA-D252541DDCB3}.Release|Any CPU.ActiveCfg = Release|Any CPU
		{C859622F-F138-430E-8CEA-D252541DDCB3}.Release|Any CPU.Build.0 = Release|Any CPU
	EndGlobalSection
	GlobalSection(SolutionProperties) = preSolution
		HideSolutionNode = FALSE
	EndGlobalSection
	GlobalSection(ExtensibilityGlobals) = postSolution
		SolutionGuid = {24516438-B876-42C0-A507-34B391435322}
	EndGlobalSection
EndGlobal
